#MicroXplorer Configuration settings - do not modify
Mcu.Family=STM32L4
RCC.MSI_VALUE=4000000
ProjectManager.MainLocation=Core/Src
PA14\ (JTCK-SWCLK).Mode=Serial_Wire
PA15\ (JTDI).GPIOParameters=GPIO_Label
RCC.PLLQoutputFreq_Value=32000000
RCC.USART1Freq_Value=32000000
ProjectManager.ProjectFileName=STM32_Test2.ioc
RCC.SAI1Freq_Value=9142857.142857144
USART2.IPParameters=VirtualMode-Asynchronous
RCC.CortexFreq_Value=32000000
ADC1.Rank-0\#ChannelRegularConversion=1
ProjectManager.KeepUserCode=true
Mcu.UserName=STM32L432KCUx
Mcu.PinsNb=10
ProjectManager.NoMain=false
TIM1.IPParameters=Prescaler,Period,AutoReloadPreload
ADC1.IPParameters=Rank-0\#ChannelRegularConversion,master,Channel-0\#ChannelRegularConversion,SamplingTime-0\#ChannelRegularConversion,OffsetNumber-0\#ChannelRegularConversion,NbrOfConversionFlag
ADC1.OffsetNumber-0\#ChannelRegularConversion=ADC_OFFSET_NONE
RCC.LPUARTFreq_Value=32000000
RCC.PLLCLKFreq_Value=32000000
RCC.PLLSAI1RoutputFreq_Value=32000000
RCC.SWPMI1Freq_Value=32000000
ProjectManager.functionlistsort=1-MX_GPIO_Init-GPIO-false-HAL-true,2-SystemClock_Config-RCC-false-HAL-false,3-MX_USART2_UART_Init-USART2-false-HAL-true,4-MX_ADC1_Init-ADC1-false-HAL-true,5-MX_TIM1_Init-TIM1-false-HAL-true
PA13\ (JTMS-SWDIO).Locked=true
RCC.RTCFreq_Value=32000
ProjectManager.DefaultFWLocation=true
PC15-OSC32_OUT\ (PC15).Signal=RCC_OSC32_OUT
RCC.USART2Freq_Value=32000000
PA15\ (JTDI).Signal=USART2_RX
PC15-OSC32_OUT\ (PC15).Mode=LSE-External-Oscillator
PA14\ (JTCK-SWCLK).GPIO_Label=SWCLK
PB3\ (JTDO-TRACESWO).GPIO_Label=LD3 [Green]
ProjectManager.DeletePrevious=true
RCC.TimerFreq_Value=32000000
boardIOC=true
RCC.48CLKFreq_Value=24000000
PA2.GPIOParameters=GPIO_Label
PinOutPanel.RotationAngle=0
RCC.FamilyName=M
RCC.MCO1PinFreq_Value=32000000
RCC.SYSCLKSource=RCC_SYSCLKSOURCE_PLLCLK
ProjectManager.StackSize=0x400
PB3\ (JTDO-TRACESWO).Signal=GPIO_Output
PC14-OSC32_IN\ (PC14).Mode=LSE-External-Oscillator
RCC.WatchDogFreq_Value=32000
PA14\ (JTCK-SWCLK).Signal=SYS_JTCK-SWCLK
RCC.I2C3Freq_Value=32000000
RCC.LPTIM1Freq_Value=32000000
Mcu.IP4=TIM1
TIM1.AutoReloadPreload=TIM_AUTORELOAD_PRELOAD_ENABLE
RCC.FCLKCortexFreq_Value=32000000
RCC.HSI16_VALUE=16000000
Mcu.IP5=USART2
NVIC.SVCall_IRQn=true\:0\:0\:false\:false\:true\:false\:false
Mcu.IP2=RCC
Mcu.IP3=SYS
Mcu.IP0=ADC1
PA15\ (JTDI).Mode=Asynchronous
Mcu.IP1=NVIC
TIM1.Prescaler=1000
Mcu.UserConstants=
RCC.VCOSAI1OutputFreq_Value=64000000
ProjectManager.TargetToolchain=STM32CubeIDE
PA14\ (JTCK-SWCLK).GPIOParameters=GPIO_Label
Mcu.ThirdPartyNb=0
RCC.HCLKFreq_Value=32000000
Mcu.IPNb=6
ProjectManager.PreviousToolchain=
RCC.APB2TimFreq_Value=32000000
VP_TIM1_VS_ClockSourceINT.Signal=TIM1_VS_ClockSourceINT
Mcu.Pin6=PA15 (JTDI)
Mcu.Pin7=PB3 (JTDO-TRACESWO)
ProjectManager.RegisterCallBack=
PC15-OSC32_OUT\ (PC15).Locked=true
Mcu.Pin8=VP_SYS_VS_Systick
RCC.USBFreq_Value=32000000
Mcu.Pin9=VP_TIM1_VS_ClockSourceINT
RCC.AHBFreq_Value=32000000
RCC.PLLSAI1PoutputFreq_Value=9142857.142857144
Mcu.Pin0=PC14-OSC32_IN (PC14)
Mcu.Pin1=PC15-OSC32_OUT (PC15)
Mcu.Pin2=PA0
Mcu.Pin3=PA2
RCC.USART3Freq_Value=16000000
Mcu.Pin4=PA13 (JTMS-SWDIO)
Mcu.Pin5=PA14 (JTCK-SWCLK)
ADC1.Channel-0\#ChannelRegularConversion=ADC_CHANNEL_5
ProjectManager.ProjectBuild=false
RCC.HSE_VALUE=8000000
NVIC.UsageFault_IRQn=true\:0\:0\:false\:false\:true\:false\:false
PA0.Locked=true
NVIC.DebugMonitor_IRQn=true\:0\:0\:false\:false\:true\:false\:false
RCC.MCOPinFreq_Value=32000000
board=NUCLEO-L432KC
USART2.VirtualMode-Asynchronous=VM_ASYNC
RCC.VCOOutputFreq_Value=64000000
NVIC.SysTick_IRQn=true\:0\:0\:true\:false\:true\:true\:true
ProjectManager.LastFirmware=true
RCC.PLLMUL=RCC_PLLMUL_4
ProjectManager.FirmwarePackage=STM32Cube FW_L4 V1.17.0
MxDb.Version=DB.6.0.20
RCC.APB2Freq_Value=32000000
ProjectManager.BackupPrevious=false
MxCube.Version=6.2.0
PB3\ (JTDO-TRACESWO).GPIOParameters=GPIO_Label
RCC.VCOInputFreq_Value=4000000
PA13\ (JTMS-SWDIO).GPIO_Label=SWDIO
RCC.I2C1Freq_Value=32000000
RCC.LCDFreq_Value=37000
RCC.RNGFreq_Value=32000000
RCC.PLLSAI1QoutputFreq_Value=32000000
RCC.ADCFreq_Value=32000000
File.Version=6
VP_SYS_VS_Systick.Mode=SysTick
NVIC.NonMaskableInt_IRQn=true\:0\:0\:false\:false\:true\:false\:false
RCC.PLLRCLKFreq_Value=32000000
NVIC.PendSV_IRQn=true\:0\:0\:false\:false\:true\:false\:false
ProjectManager.FreePins=false
PA15\ (JTDI).GPIO_Label=VCP_RX
RCC.IPParameters=48CLKFreq_Value,ADCFreq_Value,AHBFreq_Value,APB1Freq_Value,APB1TimFreq_Value,APB2Freq_Value,APB2TimFreq_Value,CortexFreq_Value,FCLKCortexFreq_Value,FamilyName,HCLKFreq_Value,HSE_VALUE,HSI16_VALUE,HSI48_VALUE,HSI_VALUE,I2C1Freq_Value,I2C2Freq_Value,I2C3Freq_Value,LCDFreq_Value,LPTIM1Freq_Value,LPTIM2Freq_Value,LPTIMFreq_Value,LPUART1Freq_Value,LPUARTFreq_Value,LSCOPinFreq_Value,LSI_VALUE,MCO1PinFreq_Value,MCOPinFreq_Value,MSI_VALUE,PLLCLKFreq_Value,PLLMUL,PLLN,PLLPoutputFreq_Value,PLLQoutputFreq_Value,PLLRCLKFreq_Value,PLLSAI1N,PLLSAI1PoutputFreq_Value,PLLSAI1QoutputFreq_Value,PLLSAI1RoutputFreq_Value,PWRFreq_Value,RNGFreq_Value,RTCFreq_Value,RTCHSEDivFreq_Value,SAI1Freq_Value,SWPMI1Freq_Value,SYSCLKFreq_VALUE,SYSCLKSource,TIMFreq_Value,TimerFreq_Value,USART1Freq_Value,USART2Freq_Value,USART3Freq_Value,USBFreq_Value,VCOInputFreq_Value,VCOOutputFreq_Value,VCOSAI1OutputFreq_Value,WatchDogFreq_Value
ProjectManager.AskForMigrate=true
Mcu.Name=STM32L432K(B-C)Ux
RCC.LPTIM2Freq_Value=32000000
ProjectManager.HalAssertFull=false
VP_TIM1_VS_ClockSourceINT.Mode=Internal
ADC1.SamplingTime-0\#ChannelRegularConversion=ADC_SAMPLETIME_2CYCLES_5
RCC.RTCHSEDivFreq_Value=4000000
PA2.Signal=USART2_TX
ProjectManager.ProjectName=STM32_Test2
ProjectManager.UnderRoot=true
PA0.Signal=ADCx_IN5
ProjectManager.CoupleFile=false
PA13\ (JTMS-SWDIO).Mode=Serial_Wire
RCC.SYSCLKFreq_VALUE=32000000
Mcu.Package=UFQFPN32
ADC1.master=1
PA14\ (JTCK-SWCLK).Locked=true
NVIC.ForceEnableDMAVector=true
KeepUserPlacement=false
PC14-OSC32_IN\ (PC14).Signal=RCC_OSC32_IN
NVIC.MemoryManagement_IRQn=true\:0\:0\:false\:false\:true\:false\:false
ProjectManager.CompilerOptimize=6
ProjectManager.ToolChainLocation=
PA2.GPIO_Label=VCP_TX
RCC.LSI_VALUE=32000
VP_SYS_VS_Systick.Signal=SYS_VS_Systick
RCC.LSCOPinFreq_Value=32000
ProjectManager.HeapSize=0x200
NVIC.HardFault_IRQn=true\:0\:0\:false\:false\:true\:false\:false
ProjectManager.ComputerToolchain=false
RCC.HSI_VALUE=16000000
SH.ADCx_IN5.0=ADC1_IN5,IN5-Single-Ended
NVIC.TIM1_UP_TIM16_IRQn=true\:0\:0\:false\:false\:true\:true\:true
PC14-OSC32_IN\ (PC14).Locked=true
NVIC.PriorityGroup=NVIC_PRIORITYGROUP_4
ADC1.NbrOfConversionFlag=1
RCC.PLLN=16
RCC.PLLPoutputFreq_Value=9142857.142857144
RCC.APB1TimFreq_Value=32000000
PA2.Mode=Asynchronous
NVIC.BusFault_IRQn=true\:0\:0\:false\:false\:true\:false\:false
RCC.PWRFreq_Value=32000000
RCC.LPUART1Freq_Value=32000000
SH.ADCx_IN5.ConfNb=1
TIM1.Period=32000
PA13\ (JTMS-SWDIO).Signal=SYS_JTMS-SWDIO
PA15\ (JTDI).Locked=true
RCC.I2C2Freq_Value=16000000
RCC.APB1Freq_Value=32000000
PA13\ (JTMS-SWDIO).GPIOParameters=GPIO_Label
ProjectManager.CustomerFirmwarePackage=
ProjectManager.DeviceId=STM32L432KCUx
ProjectManager.LibraryCopy=1
RCC.HSI48_VALUE=48000000
RCC.LPTIMFreq_Value=32000000
PB3\ (JTDO-TRACESWO).Locked=true
RCC.PLLSAI1N=16
RCC.TIMFreq_Value=32000000
PA2.Locked=true
